
Microsoft Visual Studio Solution File, Format Version 12.00
# Visual Studio Version 17
VisualStudioVersion = 17.8.34601.278
MinimumVisualStudioVersion = 10.0.40219.1
Project("{FAE04EC0-301F-11D3-BF4B-00C04F79EFBC}") = "GenericTypeDemo", "GenericTypeDemo.csproj", "{9918E7FA-4D3A-40F8-84FA-5683FEE242C8}"
EndProject
Global
	GlobalSection(SolutionConfigurationPlatforms) = preSolution
		Debug|Any CPU = Debug|Any CPU
		Release|Any CPU = Release|Any CPU
	EndGlobalSection
	GlobalSection(ProjectConfigurationPlatforms) = postSolution
		{9918E7FA-4D3A-40F8-84FA-5683FEE242C8}.Debug|Any CPU.ActiveCfg = Debug|Any CPU
		{9918E7FA-4D3A-40F8-84FA-5683FEE242C8}.Debug|Any CPU.Build.0 = Debug|Any CPU
		{9918E7FA-4D3A-40F8-84FA-5683FEE242C8}.Release|Any CPU.ActiveCfg = Release|Any CPU
		{9918E7FA-4D3A-40F8-84FA-5683FEE242C8}.Release|Any CPU.Build.0 = Release|Any CPU
	EndGlobalSection
	GlobalSection(SolutionProperties) = preSolution
		HideSolutionNode = FALSE
	EndGlobalSection
	GlobalSection(ExtensibilityGlobals) = postSolution
		SolutionGuid = {19EA6D04-526B-4075-B25A-9CAC26D2BCA1}
	EndGlobalSection
EndGlobal
