
Microsoft Visual Studio Solution File, Format Version 12.00
# Visual Studio Version 17
VisualStudioVersion = 17.6.33815.320
MinimumVisualStudioVersion = 10.0.40219.1
Project("{FAE04EC0-301F-11D3-BF4B-00C04F79EFBC}") = "AttributeDemo", "AttributeDemo.csproj", "{943F4E5F-A433-4277-A4DC-E1BC49733577}"
EndProject
Global
	GlobalSection(SolutionConfigurationPlatforms) = preSolution
		Debug|Any CPU = Debug|Any CPU
		Release|Any CPU = Release|Any CPU
	EndGlobalSection
	GlobalSection(ProjectConfigurationPlatforms) = postSolution
		{943F4E5F-A433-4277-A4DC-E1BC49733577}.Debug|Any CPU.ActiveCfg = Debug|Any CPU
		{943F4E5F-A433-4277-A4DC-E1BC49733577}.Debug|Any CPU.Build.0 = Debug|Any CPU
		{943F4E5F-A433-4277-A4DC-E1BC49733577}.Release|Any CPU.ActiveCfg = Release|Any CPU
		{943F4E5F-A433-4277-A4DC-E1BC49733577}.Release|Any CPU.Build.0 = Release|Any CPU
	EndGlobalSection
	GlobalSection(SolutionProperties) = preSolution
		HideSolutionNode = FALSE
	EndGlobalSection
	GlobalSection(ExtensibilityGlobals) = postSolution
		SolutionGuid = {730A6BA8-710A-4D1B-B7D5-E7DCB080C4D4}
	EndGlobalSection
EndGlobal
