
Microsoft Visual Studio Solution File, Format Version 12.00
# Visual Studio Version 17
VisualStudioVersion = 17.8.34601.278
MinimumVisualStudioVersion = 10.0.40219.1
Project("{FAE04EC0-301F-11D3-BF4B-00C04F79EFBC}") = "CqrsMediatrExample", "CqrsMediatrExample.csproj", "{E00BD4C7-019A-49D4-82B9-11382E617866}"
EndProject
Global
	GlobalSection(SolutionConfigurationPlatforms) = preSolution
		Debug|Any CPU = Debug|Any CPU
		Release|Any CPU = Release|Any CPU
	EndGlobalSection
	GlobalSection(ProjectConfigurationPlatforms) = postSolution
		{E00BD4C7-019A-49D4-82B9-11382E617866}.Debug|Any CPU.ActiveCfg = Debug|Any CPU
		{E00BD4C7-019A-49D4-82B9-11382E617866}.Debug|Any CPU.Build.0 = Debug|Any CPU
		{E00BD4C7-019A-49D4-82B9-11382E617866}.Release|Any CPU.ActiveCfg = Release|Any CPU
		{E00BD4C7-019A-49D4-82B9-11382E617866}.Release|Any CPU.Build.0 = Release|Any CPU
	EndGlobalSection
	GlobalSection(SolutionProperties) = preSolution
		HideSolutionNode = FALSE
	EndGlobalSection
	GlobalSection(ExtensibilityGlobals) = postSolution
		SolutionGuid = {A7A8FA6A-121D-45F2-99BA-B4A7F7FEAC3F}
	EndGlobalSection
EndGlobal
